
Microsoft Visual Studio Solution File, Format Version 12.00
# Visual Studio Version 17
VisualStudioVersion = 17.5.33530.505
MinimumVisualStudioVersion = 10.0.40219.1
Project("{FAE04EC0-301F-11D3-BF4B-00C04F79EFBC}") = "KingTacToe", "KingTacToe\KingTacToe.csproj", "{B793FCDA-2B4C-4BDC-9F6D-AAD949C074C4}"
EndProject
Global
	GlobalSection(SolutionConfigurationPlatforms) = preSolution
		Debug|Any CPU = Debug|Any CPU
		Release|Any CPU = Release|Any CPU
	EndGlobalSection
	GlobalSection(ProjectConfigurationPlatforms) = postSolution
		{B793FCDA-2B4C-4BDC-9F6D-AAD949C074C4}.Debug|Any CPU.ActiveCfg = Debug|Any CPU
		{B793FCDA-2B4C-4BDC-9F6D-AAD949C074C4}.Debug|Any CPU.Build.0 = Debug|Any CPU
		{B793FCDA-2B4C-4BDC-9F6D-AAD949C074C4}.Release|Any CPU.ActiveCfg = Release|Any CPU
		{B793FCDA-2B4C-4BDC-9F6D-AAD949C074C4}.Release|Any CPU.Build.0 = Release|Any CPU
	EndGlobalSection
	GlobalSection(SolutionProperties) = preSolution
		HideSolutionNode = FALSE
	EndGlobalSection
	GlobalSection(ExtensibilityGlobals) = postSolution
		SolutionGuid = {323456E1-8088-4F54-B38B-743E73297B87}
	EndGlobalSection
EndGlobal
